// !$*UTF8*$!
{
	archiveVersion = 1;
	classes = {
	};
	objectVersion = 50;
	objects = {

/* Begin PBXBuildFile section */
		3ACE71DF2774281C002D7372 /* AppDelegate.swift in Sources */ = {isa = PBXBuildFile; fileRef = 3ACE71DE2774281C002D7372 /* AppDelegate.swift */; };
		3ACE71E12774281C002D7372 /* SceneDelegate.swift in Sources */ = {isa = PBXBuildFile; fileRef = 3ACE71E02774281C002D7372 /* SceneDelegate.swift */; };
		3ACE71E32774281C002D7372 /* GameViewController.swift in Sources */ = {isa = PBXBuildFile; fileRef = 3ACE71E22774281C002D7372 /* GameViewController.swift */; };
		3ACE71E62774281C002D7372 /* Main.storyboard in Resources */ = {isa = PBXBuildFile; fileRef = 3ACE71E42774281C002D7372 /* Main.storyboard */; };
		3ACE71E82774281E002D7372 /* Assets.xcassets in Resources */ = {isa = PBXBuildFile; fileRef = 3ACE71E72774281E002D7372 /* Assets.xcassets */; };
		3ACE71EB2774281E002D7372 /* LaunchScreen.storyboard in Resources */ = {isa = PBXBuildFile; fileRef = 3ACE71E92774281E002D7372 /* LaunchScreen.storyboard */; };
		3ACE71F62774281E002D7372 /* TicTacToeTests.swift in Sources */ = {isa = PBXBuildFile; fileRef = 3ACE71F52774281E002D7372 /* TicTacToeTests.swift */; };
		3ACE72012774281E002D7372 /* TicTacToeUITests.swift in Sources */ = {isa = PBXBuildFile; fileRef = 3ACE72002774281E002D7372 /* TicTacToeUITests.swift */; };
		3ACE720F2774E248002D7372 /* MenuViewController.swift in Sources */ = {isa = PBXBuildFile; fileRef = 3ACE720E2774E248002D7372 /* MenuViewController.swift */; };
/* End PBXBuildFile section */

/* Begin PBXContainerItemProxy section */
		3ACE71F22774281E002D7372 /* PBXContainerItemProxy */ = {
			isa = PBXContainerItemProxy;
			containerPortal = 3ACE71D32774281C002D7372 /* Project object */;
			proxyType = 1;
			remoteGlobalIDString = 3ACE71DA2774281C002D7372;
			remoteInfo = TicTacToe;
		};
		3ACE71FD2774281E002D7372 /* PBXContainerItemProxy */ = {
			isa = PBXContainerItemProxy;
			containerPortal = 3ACE71D32774281C002D7372 /* Project object */;
			proxyType = 1;
			remoteGlobalIDString = 3ACE71DA2774281C002D7372;
			remoteInfo = TicTacToe;
		};
/* End PBXContainerItemProxy section */

/* Begin PBXFileReference section */
		3ACE71DB2774281C002D7372 /* TicTacToe.app */ = {isa = PBXFileReference; explicitFileType = wrapper.application; includeInIndex = 0; path = TicTacToe.app; sourceTree = BUILT_PRODUCTS_DIR; };
		3ACE71DE2774281C002D7372 /* AppDelegate.swift */ = {isa = PBXFileReference; lastKnownFileType = sourcecode.swift; path = AppDelegate.swift; sourceTree = "<group>"; };
		3ACE71E02774281C002D7372 /* SceneDelegate.swift */ = {isa = PBXFileReference; lastKnownFileType = sourcecode.swift; path = SceneDelegate.swift; sourceTree = "<group>"; };
		3ACE71E22774281C002D7372 /* GameViewController.swift */ = {isa = PBXFileReference; lastKnownFileType = sourcecode.swift; path = GameViewController.swift; sourceTree = "<group>"; };
		3ACE71E52774281C002D7372 /* Base */ = {isa = PBXFileReference; lastKnownFileType = file.storyboard; name = Base; path = Base.lproj/Main.storyboard; sourceTree = "<group>"; };
		3ACE71E72774281E002D7372 /* Assets.xcassets */ = {isa = PBXFileReference; lastKnownFileType = folder.assetcatalog; path = Assets.xcassets; sourceTree = "<group>"; };
		3ACE71EA2774281E002D7372 /* Base */ = {isa = PBXFileReference; lastKnownFileType = file.storyboard; name = Base; path = Base.lproj/LaunchScreen.storyboard; sourceTree = "<group>"; };
		3ACE71EC2774281E002D7372 /* Info.plist */ = {isa = PBXFileReference; lastKnownFileType = text.plist.xml; path = Info.plist; sourceTree = "<group>"; };
		3ACE71F12774281E002D7372 /* TicTacToeTests.xctest */ = {isa = PBXFileReference; explicitFileType = wrapper.cfbundle; includeInIndex = 0; path = TicTacToeTests.xctest; sourceTree = BUILT_PRODUCTS_DIR; };
		3ACE71F52774281E002D7372 /* TicTacToeTests.swift */ = {isa = PBXFileReference; lastKnownFileType = sourcecode.swift; path = TicTacToeTests.swift; sourceTree = "<group>"; };
		3ACE71F72774281E002D7372 /* Info.plist */ = {isa = PBXFileReference; lastKnownFileType = text.plist.xml; path = Info.plist; sourceTree = "<group>"; };
		3ACE71FC2774281E002D7372 /* TicTacToeUITests.xctest */ = {isa = PBXFileReference; explicitFileType = wrapper.cfbundle; includeInIndex = 0; path = TicTacToeUITests.xctest; sourceTree = BUILT_PRODUCTS_DIR; };
		3ACE72002774281E002D7372 /* TicTacToeUITests.swift */ = {isa = PBXFileReference; lastKnownFileType = sourcecode.swift; path = TicTacToeUITests.swift; sourceTree = "<group>"; };
		3ACE72022774281E002D7372 /* Info.plist */ = {isa = PBXFileReference; lastKnownFileType = text.plist.xml; path = Info.plist; sourceTree = "<group>"; };
		3ACE720E2774E248002D7372 /* MenuViewController.swift */ = {isa = PBXFileReference; lastKnownFileType = sourcecode.swift; path = MenuViewController.swift; sourceTree = "<group>"; };
/* End PBXFileReference section */

/* Begin PBXFrameworksBuildPhase section */
		3ACE71D82774281C002D7372 /* Frameworks */ = {
			isa = PBXFrameworksBuildPhase;
			buildActionMask = 2147483647;
			files = (
			);
			runOnlyForDeploymentPostprocessing = 0;
		};
		3ACE71EE2774281E002D7372 /* Frameworks */ = {
			isa = PBXFrameworksBuildPhase;
			buildActionMask = 2147483647;
			files = (
			);
			runOnlyForDeploymentPostprocessing = 0;
		};
		3ACE71F92774281E002D7372 /* Frameworks */ = {
			isa = PBXFrameworksBuildPhase;
			buildActionMask = 2147483647;
			files = (
			);
			runOnlyForDeploymentPostprocessing = 0;
		};
/* End PBXFrameworksBuildPhase section */

/* Begin PBXGroup section */
		3ACE71D22774281C002D7372 = {
			isa = PBXGroup;
			children = (
				3ACE71DD2774281C002D7372 /* TicTacToe */,
				3ACE71F42774281E002D7372 /* TicTacToeTests */,
				3ACE71FF2774281E002D7372 /* TicTacToeUITests */,
				3ACE71DC2774281C002D7372 /* Products */,
			);
			sourceTree = "<group>";
		};
		3ACE71DC2774281C002D7372 /* Products */ = {
			isa = PBXGroup;
			children = (
				3ACE71DB2774281C002D7372 /* TicTacToe.app */,
				3ACE71F12774281E002D7372 /* TicTacToeTests.xctest */,
				3ACE71FC2774281E002D7372 /* TicTacToeUITests.xctest */,
			);
			name = Products;
			sourceTree = "<group>";
		};
		3ACE71DD2774281C002D7372 /* TicTacToe */ = {
			isa = PBXGroup;
			children = (
				3ACE71DE2774281C002D7372 /* AppDelegate.swift */,
				3ACE71E02774281C002D7372 /* SceneDelegate.swift */,
				3ACE71E22774281C002D7372 /* GameViewController.swift */,
				3ACE71E42774281C002D7372 /* Main.storyboard */,
				3ACE71E72774281E002D7372 /* Assets.xcassets */,
				3ACE71E92774281E002D7372 /* LaunchScreen.storyboard */,
				3ACE71EC2774281E002D7372 /* Info.plist */,
				3ACE720E2774E248002D7372 /* MenuViewController.swift */,
			);
			path = TicTacToe;
			sourceTree = "<group>";
		};
		3ACE71F42774281E002D7372 /* TicTacToeTests */ = {
			isa = PBXGroup;
			children = (
				3ACE71F52774281E002D7372 /* TicTacToeTests.swift */,
				3ACE71F72774281E002D7372 /* Info.plist */,
			);
			path = TicTacToeTests;
			sourceTree = "<group>";
		};
		3ACE71FF2774281E002D7372 /* TicTacToeUITests */ = {
			isa = PBXGroup;
			children = (
				3ACE72002774281E002D7372 /* TicTacToeUITests.swift */,
				3ACE72022774281E002D7372 /* Info.plist */,
			);
			path = TicTacToeUITests;
			sourceTree = "<group>";
		};
/* End PBXGroup section */

/* Begin PBXNativeTarget section */
		3ACE71DA2774281C002D7372 /* TicTacToe */ = {
			isa = PBXNativeTarget;
			buildConfigurationList = 3ACE72052774281E002D7372 /* Build configuration list for PBXNativeTarget "TicTacToe" */;
			buildPhases = (
				3ACE71D72774281C002D7372 /* Sources */,
				3ACE71D82774281C002D7372 /* Frameworks */,
				3ACE71D92774281C002D7372 /* Resources */,
			);
			buildRules = (
			);
			dependencies = (
			);
			name = TicTacToe;
			productName = TicTacToe;
			productReference = 3ACE71DB2774281C002D7372 /* TicTacToe.app */;
			productType = "com.apple.product-type.application";
		};
		3ACE71F02774281E002D7372 /* TicTacToeTests */ = {
			isa = PBXNativeTarget;
			buildConfigurationList = 3ACE72082774281E002D7372 /* Build configuration list for PBXNativeTarget "TicTacToeTests" */;
			buildPhases = (
				3ACE71ED2774281E002D7372 /* Sources */,
				3ACE71EE2774281E002D7372 /* Frameworks */,
				3ACE71EF2774281E002D7372 /* Resources */,
			);
			buildRules = (
			);
			dependencies = (
				3ACE71F32774281E002D7372 /* PBXTargetDependency */,
			);
			name = TicTacToeTests;
			productName = TicTacToeTests;
			productReference = 3ACE71F12774281E002D7372 /* TicTacToeTests.xctest */;
			productType = "com.apple.product-type.bundle.unit-test";
		};
		3ACE71FB2774281E002D7372 /* TicTacToeUITests */ = {
			isa = PBXNativeTarget;
			buildConfigurationList = 3ACE720B2774281E002D7372 /* Build configuration list for PBXNativeTarget "TicTacToeUITests" */;
			buildPhases = (
				3ACE71F82774281E002D7372 /* Sources */,
				3ACE71F92774281E002D7372 /* Frameworks */,
				3ACE71FA2774281E002D7372 /* Resources */,
			);
			buildRules = (
			);
			dependencies = (
				3ACE71FE2774281E002D7372 /* PBXTargetDependency */,
			);
			name = TicTacToeUITests;
			productName = TicTacToeUITests;
			productReference = 3ACE71FC2774281E002D7372 /* TicTacToeUITests.xctest */;
			productType = "com.apple.product-type.bundle.ui-testing";
		};
/* End PBXNativeTarget section */

/* Begin PBXProject section */
		3ACE71D32774281C002D7372 /* Project object */ = {
			isa = PBXProject;
			attributes = {
				LastSwiftUpdateCheck = 1250;
				LastUpgradeCheck = 1250;
				TargetAttributes = {
					3ACE71DA2774281C002D7372 = {
						CreatedOnToolsVersion = 12.5.1;
					};
					3ACE71F02774281E002D7372 = {
						CreatedOnToolsVersion = 12.5.1;
						TestTargetID = 3ACE71DA2774281C002D7372;
					};
					3ACE71FB2774281E002D7372 = {
						CreatedOnToolsVersion = 12.5.1;
						TestTargetID = 3ACE71DA2774281C002D7372;
					};
				};
			};
			buildConfigurationList = 3ACE71D62774281C002D7372 /* Build configuration list for PBXProject "TicTacToe" */;
			compatibilityVersion = "Xcode 9.3";
			developmentRegion = en;
			hasScannedForEncodings = 0;
			knownRegions = (
				en,
				Base,
			);
			mainGroup = 3ACE71D22774281C002D7372;
			productRefGroup = 3ACE71DC2774281C002D7372 /* Products */;
			projectDirPath = "";
			projectRoot = "";
			targets = (
				3ACE71DA2774281C002D7372 /* TicTacToe */,
				3ACE71F02774281E002D7372 /* TicTacToeTests */,
				3ACE71FB2774281E002D7372 /* TicTacToeUITests */,
			);
		};
/* End PBXProject section */

/* Begin PBXResourcesBuildPhase section */
		3ACE71D92774281C002D7372 /* Resources */ = {
			isa = PBXResourcesBuildPhase;
			buildActionMask = 2147483647;
			files = (
				3ACE71EB2774281E002D7372 /* LaunchScreen.storyboard in Resources */,
				3ACE71E82774281E002D7372 /* Assets.xcassets in Resources */,
				3ACE71E62774281C002D7372 /* Main.storyboard in Resources */,
			);
			runOnlyForDeploymentPostprocessing = 0;
		};
		3ACE71EF2774281E002D7372 /* Resources */ = {
			isa = PBXResourcesBuildPhase;
			buildActionMask = 2147483647;
			files = (
			);
			runOnlyForDeploymentPostprocessing = 0;
		};
		3ACE71FA2774281E002D7372 /* Resources */ = {
			isa = PBXResourcesBuildPhase;
			buildActionMask = 2147483647;
			files = (
			);
			runOnlyForDeploymentPostprocessing = 0;
		};
/* End PBXResourcesBuildPhase section */

/* Begin PBXSourcesBuildPhase section */
		3ACE71D72774281C002D7372 /* Sources */ = {
			isa = PBXSourcesBuildPhase;
			buildActionMask = 2147483647;
			files = (
				3ACE71E32774281C002D7372 /* GameViewController.swift in Sources */,
				3ACE71DF2774281C002D7372 /* AppDelegate.swift in Sources */,
				3ACE71E12774281C002D7372 /* SceneDelegate.swift in Sources */,
				3ACE720F2774E248002D7372 /* MenuViewController.swift in Sources */,
			);
			runOnlyForDeploymentPostprocessing = 0;
		};
		3ACE71ED2774281E002D7372 /* Sources */ = {
			isa = PBXSourcesBuildPhase;
			buildActionMask = 2147483647;
			files = (
				3ACE71F62774281E002D7372 /* TicTacToeTests.swift in Sources */,
			);
			runOnlyForDeploymentPostprocessing = 0;
		};
		3ACE71F82774281E002D7372 /* Sources */ = {
			isa = PBXSourcesBuildPhase;
			buildActionMask = 2147483647;
			files = (
				3ACE72012774281E002D7372 /* TicTacToeUITests.swift in Sources */,
			);
			runOnlyForDeploymentPostprocessing = 0;
		};
/* End PBXSourcesBuildPhase section */

/* Begin PBXTargetDependency section */
		3ACE71F32774281E002D7372 /* PBXTargetDependency */ = {
			isa = PBXTargetDependency;
			target = 3ACE71DA2774281C002D7372 /* TicTacToe */;
			targetProxy = 3ACE71F22774281E002D7372 /* PBXContainerItemProxy */;
		};
		3ACE71FE2774281E002D7372 /* PBXTargetDependency */ = {
			isa = PBXTargetDependency;
			target = 3ACE71DA2774281C002D7372 /* TicTacToe */;
			targetProxy = 3ACE71FD2774281E002D7372 /* PBXContainerItemProxy */;
		};
/* End PBXTargetDependency section */

/* Begin PBXVariantGroup section */
		3ACE71E42774281C002D7372 /* Main.storyboard */ = {
			isa = PBXVariantGroup;
			children = (
				3ACE71E52774281C002D7372 /* Base */,
			);
			name = Main.storyboard;
			sourceTree = "<group>";
		};
		3ACE71E92774281E002D7372 /* LaunchScreen.storyboard */ = {
			isa = PBXVariantGroup;
			children = (
				3ACE71EA2774281E002D7372 /* Base */,
			);
			name = LaunchScreen.storyboard;
			sourceTree = "<group>";
		};
/* End PBXVariantGroup section */

/* Begin XCBuildConfiguration section */
		3ACE72032774281E002D7372 /* Debug */ = {
			isa = XCBuildConfiguration;
			buildSettings = {
				ALWAYS_SEARCH_USER_PATHS = NO;
				CLANG_ANALYZER_NONNULL = YES;
				CLANG_ANALYZER_NUMBER_OBJECT_CONVERSION = YES_AGGRESSIVE;
				CLANG_CXX_LANGUAGE_STANDARD = "gnu++14";
				CLANG_CXX_LIBRARY = "libc++";
				CLANG_ENABLE_MODULES = YES;
				CLANG_ENABLE_OBJC_ARC = YES;
				CLANG_ENABLE_OBJC_WEAK = YES;
				CLANG_WARN_BLOCK_CAPTURE_AUTORELEASING = YES;
				CLANG_WARN_BOOL_CONVERSION = YES;
				CLANG_WARN_COMMA = YES;
				CLANG_WARN_CONSTANT_CONVERSION = YES;
				CLANG_WARN_DEPRECATED_OBJC_IMPLEMENTATIONS = YES;
				CLANG_WARN_DIRECT_OBJC_ISA_USAGE = YES_ERROR;
				CLANG_WARN_DOCUMENTATION_COMMENTS = YES;
				CLANG_WARN_EMPTY_BODY = YES;
				CLANG_WARN_ENUM_CONVERSION = YES;
				CLANG_WARN_INFINITE_RECURSION = YES;
				CLANG_WARN_INT_CONVERSION = YES;
				CLANG_WARN_NON_LITERAL_NULL_CONVERSION = YES;
				CLANG_WARN_OBJC_IMPLICIT_RETAIN_SELF = YES;
				CLANG_WARN_OBJC_LITERAL_CONVERSION = YES;
				CLANG_WARN_OBJC_ROOT_CLASS = YES_ERROR;
				CLANG_WARN_QUOTED_INCLUDE_IN_FRAMEWORK_HEADER = YES;
				CLANG_WARN_RANGE_LOOP_ANALYSIS = YES;
				CLANG_WARN_STRICT_PROTOTYPES = YES;
				CLANG_WARN_SUSPICIOUS_MOVE = YES;
				CLANG_WARN_UNGUARDED_AVAILABILITY = YES_AGGRESSIVE;
				CLANG_WARN_UNREACHABLE_CODE = YES;
				CLANG_WARN__DUPLICATE_METHOD_MATCH = YES;
				COPY_PHASE_STRIP = NO;
				DEBUG_INFORMATION_FORMAT = dwarf;
				ENABLE_STRICT_OBJC_MSGSEND = YES;
				ENABLE_TESTABILITY = YES;
				GCC_C_LANGUAGE_STANDARD = gnu11;
				GCC_DYNAMIC_NO_PIC = NO;
				GCC_NO_COMMON_BLOCKS = YES;
				GCC_OPTIMIZATION_LEVEL = 0;
				GCC_PREPROCESSOR_DEFINITIONS = (
					"DEBUG=1",
					"$(inherited)",
				);
				GCC_WARN_64_TO_32_BIT_CONVERSION = YES;
				GCC_WARN_ABOUT_RETURN_TYPE = YES_ERROR;
				GCC_WARN_UNDECLARED_SELECTOR = YES;
				GCC_WARN_UNINITIALIZED_AUTOS = YES_AGGRESSIVE;
				GCC_WARN_UNUSED_FUNCTION = YES;
				GCC_WARN_UNUSED_VARIABLE = YES;
				IPHONEOS_DEPLOYMENT_TARGET = 14.5;
				MTL_ENABLE_DEBUG_INFO = INCLUDE_SOURCE;
				MTL_FAST_MATH = YES;
				ONLY_ACTIVE_ARCH = YES;
				SDKROOT = iphoneos;
				SWIFT_ACTIVE_COMPILATION_CONDITIONS = DEBUG;
				SWIFT_OPTIMIZATION_LEVEL = "-Onone";
			};
			name = Debug;
		};
		3ACE72042774281E002D7372 /* Release */ = {
			isa = XCBuildConfiguration;
			buildSettings = {
				ALWAYS_SEARCH_USER_PATHS = NO;
				CLANG_ANALYZER_NONNULL = YES;
				CLANG_ANALYZER_NUMBER_OBJECT_CONVERSION = YES_AGGRESSIVE;
				CLANG_CXX_LANGUAGE_STANDARD = "gnu++14";
				CLANG_CXX_LIBRARY = "libc++";
				CLANG_ENABLE_MODULES = YES;
				CLANG_ENABLE_OBJC_ARC = YES;
				CLANG_ENABLE_OBJC_WEAK = YES;
				CLANG_WARN_BLOCK_CAPTURE_AUTORELEASING = YES;
				CLANG_WARN_BOOL_CONVERSION = YES;
				CLANG_WARN_COMMA = YES;
				CLANG_WARN_CONSTANT_CONVERSION = YES;
				CLANG_WARN_DEPRECATED_OBJC_IMPLEMENTATIONS = YES;
				CLANG_WARN_DIRECT_OBJC_ISA_USAGE = YES_ERROR;
				CLANG_WARN_DOCUMENTATION_COMMENTS = YES;
				CLANG_WARN_EMPTY_BODY = YES;
				CLANG_WARN_ENUM_CONVERSION = YES;
				CLANG_WARN_INFINITE_RECURSION = YES;
				CLANG_WARN_INT_CONVERSION = YES;
				CLANG_WARN_NON_LITERAL_NULL_CONVERSION = YES;
				CLANG_WARN_OBJC_IMPLICIT_RETAIN_SELF = YES;
				CLANG_WARN_OBJC_LITERAL_CONVERSION = YES;
				CLANG_WARN_OBJC_ROOT_CLASS = YES_ERROR;
				CLANG_WARN_QUOTED_INCLUDE_IN_FRAMEWORK_HEADER = YES;
				CLANG_WARN_RANGE_LOOP_ANALYSIS = YES;
				CLANG_WARN_STRICT_PROTOTYPES = YES;
				CLANG_WARN_SUSPICIOUS_MOVE = YES;
				CLANG_WARN_UNGUARDED_AVAILABILITY = YES_AGGRESSIVE;
				CLANG_WARN_UNREACHABLE_CODE = YES;
				CLANG_WARN__DUPLICATE_METHOD_MATCH = YES;
				COPY_PHASE_STRIP = NO;
				DEBUG_INFORMATION_FORMAT = "dwarf-with-dsym";
				ENABLE_NS_ASSERTIONS = NO;
				ENABLE_STRICT_OBJC_MSGSEND = YES;
				GCC_C_LANGUAGE_STANDARD = gnu11;
				GCC_NO_COMMON_BLOCKS = YES;
				GCC_WARN_64_TO_32_BIT_CONVERSION = YES;
				GCC_WARN_ABOUT_RETURN_TYPE = YES_ERROR;
				GCC_WARN_UNDECLARED_SELECTOR = YES;
				GCC_WARN_UNINITIALIZED_AUTOS = YES_AGGRESSIVE;
				GCC_WARN_UNUSED_FUNCTION = YES;
				GCC_WARN_UNUSED_VARIABLE = YES;
				IPHONEOS_DEPLOYMENT_TARGET = 14.5;
				MTL_ENABLE_DEBUG_INFO = NO;
				MTL_FAST_MATH = YES;
				SDKROOT = iphoneos;
				SWIFT_COMPILATION_MODE = wholemodule;
				SWIFT_OPTIMIZATION_LEVEL = "-O";
				VALIDATE_PRODUCT = YES;
			};
			name = Release;
		};
		3ACE72062774281E002D7372 /* Debug */ = {
			isa = XCBuildConfiguration;
			buildSettings = {
				ASSETCATALOG_COMPILER_APPICON_NAME = AppIcon;
				ASSETCATALOG_COMPILER_GLOBAL_ACCENT_COLOR_NAME = AccentColor;
				CODE_SIGN_STYLE = Automatic;
				DEVELOPMENT_TEAM = 634WYH9YJX;
				INFOPLIST_FILE = TicTacToe/Info.plist;
				LD_RUNPATH_SEARCH_PATHS = (
					"$(inherited)",
					"@executable_path/Frameworks",
				);
				PRODUCT_BUNDLE_IDENTIFIER = adrianlindell.TicTacToe;
				PRODUCT_NAME = "$(TARGET_NAME)";
				SWIFT_VERSION = 5.0;
				TARGETED_DEVICE_FAMILY = "1,2";
			};
			name = Debug;
		};
		3ACE72072774281E002D7372 /* Release */ = {
			isa = XCBuildConfiguration;
			buildSettings = {
				ASSETCATALOG_COMPILER_APPICON_NAME = AppIcon;
				ASSETCATALOG_COMPILER_GLOBAL_ACCENT_COLOR_NAME = AccentColor;
				CODE_SIGN_STYLE = Automatic;
				DEVELOPMENT_TEAM = 634WYH9YJX;
				INFOPLIST_FILE = TicTacToe/Info.plist;
				LD_RUNPATH_SEARCH_PATHS = (
					"$(inherited)",
					"@executable_path/Frameworks",
				);
				PRODUCT_BUNDLE_IDENTIFIER = adrianlindell.TicTacToe;
				PRODUCT_NAME = "$(TARGET_NAME)";
				SWIFT_VERSION = 5.0;
				TARGETED_DEVICE_FAMILY = "1,2";
			};
			name = Release;
		};
		3ACE72092774281E002D7372 /* Debug */ = {
			isa = XCBuildConfiguration;
			buildSettings = {
				ALWAYS_EMBED_SWIFT_STANDARD_LIBRARIES = YES;
				BUNDLE_LOADER = "$(TEST_HOST)";
				CODE_SIGN_STYLE = Automatic;
				DEVELOPMENT_TEAM = 634WYH9YJX;
				INFOPLIST_FILE = TicTacToeTests/Info.plist;
				IPHONEOS_DEPLOYMENT_TARGET = 14.5;
				LD_RUNPATH_SEARCH_PATHS = (
					"$(inherited)",
					"@executable_path/Frameworks",
					"@loader_path/Frameworks",
				);
				PRODUCT_BUNDLE_IDENTIFIER = adrianlindell.TicTacToeTests;
				PRODUCT_NAME = "$(TARGET_NAME)";
				SWIFT_VERSION = 5.0;
				TARGETED_DEVICE_FAMILY = "1,2";
				TEST_HOST = "$(BUILT_PRODUCTS_DIR)/TicTacToe.app/TicTacToe";
			};
			name = Debug;
		};
		3ACE720A2774281E002D7372 /* Release */ = {
			isa = XCBuildConfiguration;
			buildSettings = {
				ALWAYS_EMBED_SWIFT_STANDARD_LIBRARIES = YES;
				BUNDLE_LOADER = "$(TEST_HOST)";
				CODE_SIGN_STYLE = Automatic;
				DEVELOPMENT_TEAM = 634WYH9YJX;
				INFOPLIST_FILE = TicTacToeTests/Info.plist;
				IPHONEOS_DEPLOYMENT_TARGET = 14.5;
				LD_RUNPATH_SEARCH_PATHS = (
					"$(inherited)",
					"@executable_path/Frameworks",
					"@loader_path/Frameworks",
				);
				PRODUCT_BUNDLE_IDENTIFIER = adrianlindell.TicTacToeTests;
				PRODUCT_NAME = "$(TARGET_NAME)";
				SWIFT_VERSION = 5.0;
				TARGETED_DEVICE_FAMILY = "1,2";
				TEST_HOST = "$(BUILT_PRODUCTS_DIR)/TicTacToe.app/TicTacToe";
			};
			name = Release;
		};
		3ACE720C2774281E002D7372 /* Debug */ = {
			isa = XCBuildConfiguration;
			buildSettings = {
				ALWAYS_EMBED_SWIFT_STANDARD_LIBRARIES = YES;
				CODE_SIGN_STYLE = Automatic;
				DEVELOPMENT_TEAM = 634WYH9YJX;
				INFOPLIST_FILE = TicTacToeUITests/Info.plist;
				LD_RUNPATH_SEARCH_PATHS = (
					"$(inherited)",
					"@executable_path/Frameworks",
					"@loader_path/Frameworks",
				);
				PRODUCT_BUNDLE_IDENTIFIER = adrianlindell.TicTacToeUITests;
				PRODUCT_NAME = "$(TARGET_NAME)";
				SWIFT_VERSION = 5.0;
				TARGETED_DEVICE_FAMILY = "1,2";
				TEST_TARGET_NAME = TicTacToe;
			};
			name = Debug;
		};
		3ACE720D2774281E002D7372 /* Release */ = {
			isa = XCBuildConfiguration;
			buildSettings = {
				ALWAYS_EMBED_SWIFT_STANDARD_LIBRARIES = YES;
				CODE_SIGN_STYLE = Automatic;
				DEVELOPMENT_TEAM = 634WYH9YJX;
				INFOPLIST_FILE = TicTacToeUITests/Info.plist;
				LD_RUNPATH_SEARCH_PATHS = (
					"$(inherited)",
					"@executable_path/Frameworks",
					"@loader_path/Frameworks",
				);
				PRODUCT_BUNDLE_IDENTIFIER = adrianlindell.TicTacToeUITests;
				PRODUCT_NAME = "$(TARGET_NAME)";
				SWIFT_VERSION = 5.0;
				TARGETED_DEVICE_FAMILY = "1,2";
				TEST_TARGET_NAME = TicTacToe;
			};
			name = Release;
		};
/* End XCBuildConfiguration section */

/* Begin XCConfigurationList section */
		3ACE71D62774281C002D7372 /* Build configuration list for PBXProject "TicTacToe" */ = {
			isa = XCConfigurationList;
			buildConfigurations = (
				3ACE72032774281E002D7372 /* Debug */,
				3ACE72042774281E002D7372 /* Release */,
			);
			defaultConfigurationIsVisible = 0;
			defaultConfigurationName = Release;
		};
		3ACE72052774281E002D7372 /* Build configuration list for PBXNativeTarget "TicTacToe" */ = {
			isa = XCConfigurationList;
			buildConfigurations = (
				3ACE72062774281E002D7372 /* Debug */,
				3ACE72072774281E002D7372 /* Release */,
			);
			defaultConfigurationIsVisible = 0;
			defaultConfigurationName = Release;
		};
		3ACE72082774281E002D7372 /* Build configuration list for PBXNativeTarget "TicTacToeTests" */ = {
			isa = XCConfigurationList;
			buildConfigurations = (
				3ACE72092774281E002D7372 /* Debug */,
				3ACE720A2774281E002D7372 /* Release */,
			);
			defaultConfigurationIsVisible = 0;
			defaultConfigurationName = Release;
		};
		3ACE720B2774281E002D7372 /* Build configuration list for PBXNativeTarget "TicTacToeUITests" */ = {
			isa = XCConfigurationList;
			buildConfigurations = (
				3ACE720C2774281E002D7372 /* Debug */,
				3ACE720D2774281E002D7372 /* Release */,
			);
			defaultConfigurationIsVisible = 0;
			defaultConfigurationName = Release;
		};
/* End XCConfigurationList section */
	};
	rootObject = 3ACE71D32774281C002D7372 /* Project object */;
}
